
Microsoft Visual Studio Solution File, Format Version 12.00
# Visual Studio Version 17
VisualStudioVersion = 17.5.33516.290
MinimumVisualStudioVersion = 10.0.40219.1
Project("{9A19103F-16F7-4668-BE54-9A1E7A4F7556}") = "IntegrationModule", "IntegrationModule\IntegrationModule.csproj", "{8A196518-7216-4A02-9273-ADE9250DAA60}"
EndProject
Project("{9A19103F-16F7-4668-BE54-9A1E7A4F7556}") = "DAL", "DAL\DAL.csproj", "{6D0F440B-0240-4D8D-ACCE-BAAF31CCED60}"
EndProject
Project("{FAE04EC0-301F-11D3-BF4B-00C04F79EFBC}") = "PublicModule", "PublicModule\PublicModule.csproj", "{2950DDAC-FB31-4ACD-A2BB-97530D25D2B7}"
EndProject
Global
	GlobalSection(SolutionConfigurationPlatforms) = preSolution
		Debug|Any CPU = Debug|Any CPU
		Release|Any CPU = Release|Any CPU
	EndGlobalSection
	GlobalSection(ProjectConfigurationPlatforms) = postSolution
		{8A196518-7216-4A02-9273-ADE9250DAA60}.Debug|Any CPU.ActiveCfg = Debug|Any CPU
		{8A196518-7216-4A02-9273-ADE9250DAA60}.Debug|Any CPU.Build.0 = Debug|Any CPU
		{8A196518-7216-4A02-9273-ADE9250DAA60}.Release|Any CPU.ActiveCfg = Release|Any CPU
		{8A196518-7216-4A02-9273-ADE9250DAA60}.Release|Any CPU.Build.0 = Release|Any CPU
		{6D0F440B-0240-4D8D-ACCE-BAAF31CCED60}.Debug|Any CPU.ActiveCfg = Debug|Any CPU
		{6D0F440B-0240-4D8D-ACCE-BAAF31CCED60}.Debug|Any CPU.Build.0 = Debug|Any CPU
		{6D0F440B-0240-4D8D-ACCE-BAAF31CCED60}.Release|Any CPU.ActiveCfg = Release|Any CPU
		{6D0F440B-0240-4D8D-ACCE-BAAF31CCED60}.Release|Any CPU.Build.0 = Release|Any CPU
		{2950DDAC-FB31-4ACD-A2BB-97530D25D2B7}.Debug|Any CPU.ActiveCfg = Debug|Any CPU
		{2950DDAC-FB31-4ACD-A2BB-97530D25D2B7}.Debug|Any CPU.Build.0 = Debug|Any CPU
		{2950DDAC-FB31-4ACD-A2BB-97530D25D2B7}.Release|Any CPU.ActiveCfg = Release|Any CPU
		{2950DDAC-FB31-4ACD-A2BB-97530D25D2B7}.Release|Any CPU.Build.0 = Release|Any CPU
	EndGlobalSection
	GlobalSection(SolutionProperties) = preSolution
		HideSolutionNode = FALSE
	EndGlobalSection
	GlobalSection(ExtensibilityGlobals) = postSolution
		SolutionGuid = {172DA07D-D075-4C94-A02C-400EB0E0D972}
	EndGlobalSection
EndGlobal
